
Microsoft Visual Studio Solution File, Format Version 12.00
# Visual Studio Version 17
VisualStudioVersion = 17.0.31919.166
MinimumVisualStudioVersion = 10.0.40219.1
Project("{FAE04EC0-301F-11D3-BF4B-00C04F79EFBC}") = "Sirius", "Sirius\Sirius.csproj", "{FF3B2297-AA0D-4CBC-89A4-3F4950B1D657}"
EndProject
Project("{FAE04EC0-301F-11D3-BF4B-00C04F79EFBC}") = "Sirius.Core", "Sirius.Core\Sirius.Core.csproj", "{F17B613C-85F6-437D-BC08-0C4F276B7F1F}"
EndProject
Project("{FAE04EC0-301F-11D3-BF4B-00C04F79EFBC}") = "BananaPlugin", "BananaPlugin\BananaPlugin.csproj", "{40A605BA-9245-4F24-B332-204A6886DB19}"
EndProject
Global
	GlobalSection(SolutionConfigurationPlatforms) = preSolution
		Debug|Any CPU = Debug|Any CPU
		Release|Any CPU = Release|Any CPU
	EndGlobalSection
	GlobalSection(ProjectConfigurationPlatforms) = postSolution
		{FF3B2297-AA0D-4CBC-89A4-3F4950B1D657}.Debug|Any CPU.ActiveCfg = Debug|Any CPU
		{FF3B2297-AA0D-4CBC-89A4-3F4950B1D657}.Debug|Any CPU.Build.0 = Debug|Any CPU
		{FF3B2297-AA0D-4CBC-89A4-3F4950B1D657}.Release|Any CPU.ActiveCfg = Release|Any CPU
		{FF3B2297-AA0D-4CBC-89A4-3F4950B1D657}.Release|Any CPU.Build.0 = Release|Any CPU
		{F17B613C-85F6-437D-BC08-0C4F276B7F1F}.Debug|Any CPU.ActiveCfg = Debug|Any CPU
		{F17B613C-85F6-437D-BC08-0C4F276B7F1F}.Debug|Any CPU.Build.0 = Debug|Any CPU
		{F17B613C-85F6-437D-BC08-0C4F276B7F1F}.Release|Any CPU.ActiveCfg = Release|Any CPU
		{F17B613C-85F6-437D-BC08-0C4F276B7F1F}.Release|Any CPU.Build.0 = Release|Any CPU
		{40A605BA-9245-4F24-B332-204A6886DB19}.Debug|Any CPU.ActiveCfg = Debug|Any CPU
		{40A605BA-9245-4F24-B332-204A6886DB19}.Debug|Any CPU.Build.0 = Debug|Any CPU
		{40A605BA-9245-4F24-B332-204A6886DB19}.Release|Any CPU.ActiveCfg = Release|Any CPU
		{40A605BA-9245-4F24-B332-204A6886DB19}.Release|Any CPU.Build.0 = Release|Any CPU
	EndGlobalSection
	GlobalSection(SolutionProperties) = preSolution
		HideSolutionNode = FALSE
	EndGlobalSection
	GlobalSection(ExtensibilityGlobals) = postSolution
		SolutionGuid = {FB33E188-1E84-4D57-82EB-18D837D51C0B}
	EndGlobalSection
EndGlobal
